// !$*UTF8*$!
{
	archiveVersion = 1;
	classes = {
	};
	objectVersion = 46;
	objects = {

/* Begin PBXBuildFile section */
		0421015819124059007D4402 /* Foundation.framework in Frameworks */ = {isa = PBXBuildFile; fileRef = 0421015719124059007D4402 /* Foundation.framework */; };
		0421015A19124059007D4402 /* CoreGraphics.framework in Frameworks */ = {isa = PBXBuildFile; fileRef = 0421015919124059007D4402 /* CoreGraphics.framework */; };
		0421015C19124059007D4402 /* UIKit.framework in Frameworks */ = {isa = PBXBuildFile; fileRef = 0421015B19124059007D4402 /* UIKit.framework */; };
		042101621912405A007D4402 /* InfoPlist.strings in Resources */ = {isa = PBXBuildFile; fileRef = 042101601912405A007D4402 /* InfoPlist.strings */; };
		042101641912405A007D4402 /* main.m in Sources */ = {isa = PBXBuildFile; fileRef = 042101631912405A007D4402 /* main.m */; };
		042101681912405A007D4402 /* AppDelegate.m in Sources */ = {isa = PBXBuildFile; fileRef = 042101671912405A007D4402 /* AppDelegate.m */; };
		0421016A1912405A007D4402 /* Images.xcassets in Resources */ = {isa = PBXBuildFile; fileRef = 042101691912405A007D4402 /* Images.xcassets */; };
		042101711912405A007D4402 /* XCTest.framework in Frameworks */ = {isa = PBXBuildFile; fileRef = 042101701912405A007D4402 /* XCTest.framework */; };
		042101721912405A007D4402 /* Foundation.framework in Frameworks */ = {isa = PBXBuildFile; fileRef = 0421015719124059007D4402 /* Foundation.framework */; };
		042101731912405A007D4402 /* UIKit.framework in Frameworks */ = {isa = PBXBuildFile; fileRef = 0421015B19124059007D4402 /* UIKit.framework */; };
		0421017B1912405A007D4402 /* InfoPlist.strings in Resources */ = {isa = PBXBuildFile; fileRef = 042101791912405A007D4402 /* InfoPlist.strings */; };
		0421017D1912405A007D4402 /* compxLostFindTests.m in Sources */ = {isa = PBXBuildFile; fileRef = 0421017C1912405A007D4402 /* compxLostFindTests.m */; };
/* End PBXBuildFile section */

/* Begin PBXContainerItemProxy section */
		042101741912405A007D4402 /* PBXContainerItemProxy */ = {
			isa = PBXContainerItemProxy;
			containerPortal = 0421014C19124059007D4402 /* Project object */;
			proxyType = 1;
			remoteGlobalIDString = 0421015319124059007D4402;
			remoteInfo = compxLostFind;
		};
/* End PBXContainerItemProxy section */

/* Begin PBXFileReference section */
		0421015419124059007D4402 /* compxLostFind.app */ = {isa = PBXFileReference; explicitFileType = wrapper.application; includeInIndex = 0; path = compxLostFind.app; sourceTree = BUILT_PRODUCTS_DIR; };
		0421015719124059007D4402 /* Foundation.framework */ = {isa = PBXFileReference; lastKnownFileType = wrapper.framework; name = Foundation.framework; path = System/Library/Frameworks/Foundation.framework; sourceTree = SDKROOT; };
		0421015919124059007D4402 /* CoreGraphics.framework */ = {isa = PBXFileReference; lastKnownFileType = wrapper.framework; name = CoreGraphics.framework; path = System/Library/Frameworks/CoreGraphics.framework; sourceTree = SDKROOT; };
		0421015B19124059007D4402 /* UIKit.framework */ = {isa = PBXFileReference; lastKnownFileType = wrapper.framework; name = UIKit.framework; path = System/Library/Frameworks/UIKit.framework; sourceTree = SDKROOT; };
		0421015F1912405A007D4402 /* compxLostFind-Info.plist */ = {isa = PBXFileReference; lastKnownFileType = text.plist.xml; path = "compxLostFind-Info.plist"; sourceTree = "<group>"; };
		042101611912405A007D4402 /* en */ = {isa = PBXFileReference; lastKnownFileType = text.plist.strings; name = en; path = en.lproj/InfoPlist.strings; sourceTree = "<group>"; };
		042101631912405A007D4402 /* main.m */ = {isa = PBXFileReference; lastKnownFileType = sourcecode.c.objc; path = main.m; sourceTree = "<group>"; };
		042101651912405A007D4402 /* compxLostFind-Prefix.pch */ = {isa = PBXFileReference; lastKnownFileType = sourcecode.c.h; path = "compxLostFind-Prefix.pch"; sourceTree = "<group>"; };
		042101661912405A007D4402 /* AppDelegate.h */ = {isa = PBXFileReference; lastKnownFileType = sourcecode.c.h; path = AppDelegate.h; sourceTree = "<group>"; };
		042101671912405A007D4402 /* AppDelegate.m */ = {isa = PBXFileReference; lastKnownFileType = sourcecode.c.objc; path = AppDelegate.m; sourceTree = "<group>"; };
		042101691912405A007D4402 /* Images.xcassets */ = {isa = PBXFileReference; lastKnownFileType = folder.assetcatalog; path = Images.xcassets; sourceTree = "<group>"; };
		0421016F1912405A007D4402 /* compxLostFindTests.xctest */ = {isa = PBXFileReference; explicitFileType = wrapper.cfbundle; includeInIndex = 0; path = compxLostFindTests.xctest; sourceTree = BUILT_PRODUCTS_DIR; };
		042101701912405A007D4402 /* XCTest.framework */ = {isa = PBXFileReference; lastKnownFileType = wrapper.framework; name = XCTest.framework; path = Library/Frameworks/XCTest.framework; sourceTree = DEVELOPER_DIR; };
		042101781912405A007D4402 /* compxLostFindTests-Info.plist */ = {isa = PBXFileReference; lastKnownFileType = text.plist.xml; path = "compxLostFindTests-Info.plist"; sourceTree = "<group>"; };
		0421017A1912405A007D4402 /* en */ = {isa = PBXFileReference; lastKnownFileType = text.plist.strings; name = en; path = en.lproj/InfoPlist.strings; sourceTree = "<group>"; };
		0421017C1912405A007D4402 /* compxLostFindTests.m */ = {isa = PBXFileReference; lastKnownFileType = sourcecode.c.objc; path = compxLostFindTests.m; sourceTree = "<group>"; };
/* End PBXFileReference section */

/* Begin PBXFrameworksBuildPhase section */
		0421015119124059007D4402 /* Frameworks */ = {
			isa = PBXFrameworksBuildPhase;
			buildActionMask = 2147483647;
			files = (
				0421015A19124059007D4402 /* CoreGraphics.framework in Frameworks */,
				0421015C19124059007D4402 /* UIKit.framework in Frameworks */,
				0421015819124059007D4402 /* Foundation.framework in Frameworks */,
			);
			runOnlyForDeploymentPostprocessing = 0;
		};
		0421016C1912405A007D4402 /* Frameworks */ = {
			isa = PBXFrameworksBuildPhase;
			buildActionMask = 2147483647;
			files = (
				042101711912405A007D4402 /* XCTest.framework in Frameworks */,
				042101731912405A007D4402 /* UIKit.framework in Frameworks */,
				042101721912405A007D4402 /* Foundation.framework in Frameworks */,
			);
			runOnlyForDeploymentPostprocessing = 0;
		};
/* End PBXFrameworksBuildPhase section */

/* Begin PBXGroup section */
		0421014B19124059007D4402 = {
			isa = PBXGroup;
			children = (
				0421015D1912405A007D4402 /* compxLostFind */,
				042101761912405A007D4402 /* compxLostFindTests */,
				0421015619124059007D4402 /* Frameworks */,
				0421015519124059007D4402 /* Products */,
			);
			sourceTree = "<group>";
		};
		0421015519124059007D4402 /* Products */ = {
			isa = PBXGroup;
			children = (
				0421015419124059007D4402 /* compxLostFind.app */,
				0421016F1912405A007D4402 /* compxLostFindTests.xctest */,
			);
			name = Products;
			sourceTree = "<group>";
		};
		0421015619124059007D4402 /* Frameworks */ = {
			isa = PBXGroup;
			children = (
				0421015719124059007D4402 /* Foundation.framework */,
				0421015919124059007D4402 /* CoreGraphics.framework */,
				0421015B19124059007D4402 /* UIKit.framework */,
				042101701912405A007D4402 /* XCTest.framework */,
			);
			name = Frameworks;
			sourceTree = "<group>";
		};
		0421015D1912405A007D4402 /* compxLostFind */ = {
			isa = PBXGroup;
			children = (
				042101661912405A007D4402 /* AppDelegate.h */,
				042101671912405A007D4402 /* AppDelegate.m */,
				042101691912405A007D4402 /* Images.xcassets */,
				0421015E1912405A007D4402 /* Supporting Files */,
			);
			path = compxLostFind;
			sourceTree = "<group>";
		};
		0421015E1912405A007D4402 /* Supporting Files */ = {
			isa = PBXGroup;
			children = (
				0421015F1912405A007D4402 /* compxLostFind-Info.plist */,
				042101601912405A007D4402 /* InfoPlist.strings */,
				042101631912405A007D4402 /* main.m */,
				042101651912405A007D4402 /* compxLostFind-Prefix.pch */,
			);
			name = "Supporting Files";
			sourceTree = "<group>";
		};
		042101761912405A007D4402 /* compxLostFindTests */ = {
			isa = PBXGroup;
			children = (
				0421017C1912405A007D4402 /* compxLostFindTests.m */,
				042101771912405A007D4402 /* Supporting Files */,
			);
			path = compxLostFindTests;
			sourceTree = "<group>";
		};
		042101771912405A007D4402 /* Supporting Files */ = {
			isa = PBXGroup;
			children = (
				042101781912405A007D4402 /* compxLostFindTests-Info.plist */,
				042101791912405A007D4402 /* InfoPlist.strings */,
			);
			name = "Supporting Files";
			sourceTree = "<group>";
		};
/* End PBXGroup section */

/* Begin PBXNativeTarget section */
		0421015319124059007D4402 /* compxLostFind */ = {
			isa = PBXNativeTarget;
			buildConfigurationList = 042101801912405A007D4402 /* Build configuration list for PBXNativeTarget "compxLostFind" */;
			buildPhases = (
				0421015019124059007D4402 /* Sources */,
				0421015119124059007D4402 /* Frameworks */,
				0421015219124059007D4402 /* Resources */,
			);
			buildRules = (
			);
			dependencies = (
			);
			name = compxLostFind;
			productName = compxLostFind;
			productReference = 0421015419124059007D4402 /* compxLostFind.app */;
			productType = "com.apple.product-type.application";
		};
		0421016E1912405A007D4402 /* compxLostFindTests */ = {
			isa = PBXNativeTarget;
			buildConfigurationList = 042101831912405A007D4402 /* Build configuration list for PBXNativeTarget "compxLostFindTests" */;
			buildPhases = (
				0421016B1912405A007D4402 /* Sources */,
				0421016C1912405A007D4402 /* Frameworks */,
				0421016D1912405A007D4402 /* Resources */,
			);
			buildRules = (
			);
			dependencies = (
				042101751912405A007D4402 /* PBXTargetDependency */,
			);
			name = compxLostFindTests;
			productName = compxLostFindTests;
			productReference = 0421016F1912405A007D4402 /* compxLostFindTests.xctest */;
			productType = "com.apple.product-type.bundle.unit-test";
		};
/* End PBXNativeTarget section */

/* Begin PBXProject section */
		0421014C19124059007D4402 /* Project object */ = {
			isa = PBXProject;
			attributes = {
				LastUpgradeCheck = 0510;
				ORGANIZATIONNAME = compx.com.cn;
				TargetAttributes = {
					0421016E1912405A007D4402 = {
						TestTargetID = 0421015319124059007D4402;
					};
				};
			};
			buildConfigurationList = 0421014F19124059007D4402 /* Build configuration list for PBXProject "compxLostFind" */;
			compatibilityVersion = "Xcode 3.2";
			developmentRegion = English;
			hasScannedForEncodings = 0;
			knownRegions = (
				en,
			);
			mainGroup = 0421014B19124059007D4402;
			productRefGroup = 0421015519124059007D4402 /* Products */;
			projectDirPath = "";
			projectRoot = "";
			targets = (
				0421015319124059007D4402 /* compxLostFind */,
				0421016E1912405A007D4402 /* compxLostFindTests */,
			);
		};
/* End PBXProject section */

/* Begin PBXResourcesBuildPhase section */
		0421015219124059007D4402 /* Resources */ = {
			isa = PBXResourcesBuildPhase;
			buildActionMask = 2147483647;
			files = (
				042101621912405A007D4402 /* InfoPlist.strings in Resources */,
				0421016A1912405A007D4402 /* Images.xcassets in Resources */,
			);
			runOnlyForDeploymentPostprocessing = 0;
		};
		0421016D1912405A007D4402 /* Resources */ = {
			isa = PBXResourcesBuildPhase;
			buildActionMask = 2147483647;
			files = (
				0421017B1912405A007D4402 /* InfoPlist.strings in Resources */,
			);
			runOnlyForDeploymentPostprocessing = 0;
		};
/* End PBXResourcesBuildPhase section */

/* Begin PBXSourcesBuildPhase section */
		0421015019124059007D4402 /* Sources */ = {
			isa = PBXSourcesBuildPhase;
			buildActionMask = 2147483647;
			files = (
				042101681912405A007D4402 /* AppDelegate.m in Sources */,
				042101641912405A007D4402 /* main.m in Sources */,
			);
			runOnlyForDeploymentPostprocessing = 0;
		};
		0421016B1912405A007D4402 /* Sources */ = {
			isa = PBXSourcesBuildPhase;
			buildActionMask = 2147483647;
			files = (
				0421017D1912405A007D4402 /* compxLostFindTests.m in Sources */,
			);
			runOnlyForDeploymentPostprocessing = 0;
		};
/* End PBXSourcesBuildPhase section */

/* Begin PBXTargetDependency section */
		042101751912405A007D4402 /* PBXTargetDependency */ = {
			isa = PBXTargetDependency;
			target = 0421015319124059007D4402 /* compxLostFind */;
			targetProxy = 042101741912405A007D4402 /* PBXContainerItemProxy */;
		};
/* End PBXTargetDependency section */

/* Begin PBXVariantGroup section */
		042101601912405A007D4402 /* InfoPlist.strings */ = {
			isa = PBXVariantGroup;
			children = (
				042101611912405A007D4402 /* en */,
			);
			name = InfoPlist.strings;
			sourceTree = "<group>";
		};
		042101791912405A007D4402 /* InfoPlist.strings */ = {
			isa = PBXVariantGroup;
			children = (
				0421017A1912405A007D4402 /* en */,
			);
			name = InfoPlist.strings;
			sourceTree = "<group>";
		};
/* End PBXVariantGroup section */

/* Begin XCBuildConfiguration section */
		0421017E1912405A007D4402 /* Debug */ = {
			isa = XCBuildConfiguration;
			buildSettings = {
				ALWAYS_SEARCH_USER_PATHS = NO;
				CLANG_CXX_LANGUAGE_STANDARD = "gnu++0x";
				CLANG_CXX_LIBRARY = "libc++";
				CLANG_ENABLE_MODULES = YES;
				CLANG_ENABLE_OBJC_ARC = YES;
				CLANG_WARN_BOOL_CONVERSION = YES;
				CLANG_WARN_CONSTANT_CONVERSION = YES;
				CLANG_WARN_DIRECT_OBJC_ISA_USAGE = YES_ERROR;
				CLANG_WARN_EMPTY_BODY = YES;
				CLANG_WARN_ENUM_CONVERSION = YES;
				CLANG_WARN_INT_CONVERSION = YES;
				CLANG_WARN_OBJC_ROOT_CLASS = YES_ERROR;
				CLANG_WARN__DUPLICATE_METHOD_MATCH = YES;
				"CODE_SIGN_IDENTITY[sdk=iphoneos*]" = "iPhone Developer";
				COPY_PHASE_STRIP = NO;
				GCC_C_LANGUAGE_STANDARD = gnu99;
				GCC_DYNAMIC_NO_PIC = NO;
				GCC_OPTIMIZATION_LEVEL = 0;
				GCC_PREPROCESSOR_DEFINITIONS = (
					"DEBUG=1",
					"$(inherited)",
				);
				GCC_SYMBOLS_PRIVATE_EXTERN = NO;
				GCC_WARN_64_TO_32_BIT_CONVERSION = YES;
				GCC_WARN_ABOUT_RETURN_TYPE = YES_ERROR;
				GCC_WARN_UNDECLARED_SELECTOR = YES;
				GCC_WARN_UNINITIALIZED_AUTOS = YES_AGGRESSIVE;
				GCC_WARN_UNUSED_FUNCTION = YES;
				GCC_WARN_UNUSED_VARIABLE = YES;
				IPHONEOS_DEPLOYMENT_TARGET = 7.1;
				ONLY_ACTIVE_ARCH = YES;
				SDKROOT = iphoneos;
			};
			name = Debug;
		};
		0421017F1912405A007D4402 /* Release */ = {
			isa = XCBuildConfiguration;
			buildSettings = {
				ALWAYS_SEARCH_USER_PATHS = NO;
				CLANG_CXX_LANGUAGE_STANDARD = "gnu++0x";
				CLANG_CXX_LIBRARY = "libc++";
				CLANG_ENABLE_MODULES = YES;
				CLANG_ENABLE_OBJC_ARC = YES;
				CLANG_WARN_BOOL_CONVERSION = YES;
				CLANG_WARN_CONSTANT_CONVERSION = YES;
				CLANG_WARN_DIRECT_OBJC_ISA_USAGE = YES_ERROR;
				CLANG_WARN_EMPTY_BODY = YES;
				CLANG_WARN_ENUM_CONVERSION = YES;
				CLANG_WARN_INT_CONVERSION = YES;
				CLANG_WARN_OBJC_ROOT_CLASS = YES_ERROR;
				CLANG_WARN__DUPLICATE_METHOD_MATCH = YES;
				"CODE_SIGN_IDENTITY[sdk=iphoneos*]" = "iPhone Developer";
				COPY_PHASE_STRIP = YES;
				ENABLE_NS_ASSERTIONS = NO;
				GCC_C_LANGUAGE_STANDARD = gnu99;
				GCC_WARN_64_TO_32_BIT_CONVERSION = YES;
				GCC_WARN_ABOUT_RETURN_TYPE = YES_ERROR;
				GCC_WARN_UNDECLARED_SELECTOR = YES;
				GCC_WARN_UNINITIALIZED_AUTOS = YES_AGGRESSIVE;
				GCC_WARN_UNUSED_FUNCTION = YES;
				GCC_WARN_UNUSED_VARIABLE = YES;
				IPHONEOS_DEPLOYMENT_TARGET = 7.1;
				SDKROOT = iphoneos;
				VALIDATE_PRODUCT = YES;
			};
			name = Release;
		};
		042101811912405A007D4402 /* Debug */ = {
			isa = XCBuildConfiguration;
			buildSettings = {
				ASSETCATALOG_COMPILER_APPICON_NAME = AppIcon;
				ASSETCATALOG_COMPILER_LAUNCHIMAGE_NAME = LaunchImage;
				GCC_PRECOMPILE_PREFIX_HEADER = YES;
				GCC_PREFIX_HEADER = "compxLostFind/compxLostFind-Prefix.pch";
				INFOPLIST_FILE = "compxLostFind/compxLostFind-Info.plist";
				PRODUCT_NAME = "$(TARGET_NAME)";
				WRAPPER_EXTENSION = app;
			};
			name = Debug;
		};
		042101821912405A007D4402 /* Release */ = {
			isa = XCBuildConfiguration;
			buildSettings = {
				ASSETCATALOG_COMPILER_APPICON_NAME = AppIcon;
				ASSETCATALOG_COMPILER_LAUNCHIMAGE_NAME = LaunchImage;
				GCC_PRECOMPILE_PREFIX_HEADER = YES;
				GCC_PREFIX_HEADER = "compxLostFind/compxLostFind-Prefix.pch";
				INFOPLIST_FILE = "compxLostFind/compxLostFind-Info.plist";
				PRODUCT_NAME = "$(TARGET_NAME)";
				WRAPPER_EXTENSION = app;
			};
			name = Release;
		};
		042101841912405A007D4402 /* Debug */ = {
			isa = XCBuildConfiguration;
			buildSettings = {
				BUNDLE_LOADER = "$(BUILT_PRODUCTS_DIR)/compxLostFind.app/compxLostFind";
				FRAMEWORK_SEARCH_PATHS = (
					"$(SDKROOT)/Developer/Library/Frameworks",
					"$(inherited)",
					"$(DEVELOPER_FRAMEWORKS_DIR)",
				);
				GCC_PRECOMPILE_PREFIX_HEADER = YES;
				GCC_PREFIX_HEADER = "compxLostFind/compxLostFind-Prefix.pch";
				GCC_PREPROCESSOR_DEFINITIONS = (
					"DEBUG=1",
					"$(inherited)",
				);
				INFOPLIST_FILE = "compxLostFindTests/compxLostFindTests-Info.plist";
				PRODUCT_NAME = "$(TARGET_NAME)";
				TEST_HOST = "$(BUNDLE_LOADER)";
				WRAPPER_EXTENSION = xctest;
			};
			name = Debug;
		};
		042101851912405A007D4402 /* Release */ = {
			isa = XCBuildConfiguration;
			buildSettings = {
				BUNDLE_LOADER = "$(BUILT_PRODUCTS_DIR)/compxLostFind.app/compxLostFind";
				FRAMEWORK_SEARCH_PATHS = (
					"$(SDKROOT)/Developer/Library/Frameworks",
					"$(inherited)",
					"$(DEVELOPER_FRAMEWORKS_DIR)",
				);
				GCC_PRECOMPILE_PREFIX_HEADER = YES;
				GCC_PREFIX_HEADER = "compxLostFind/compxLostFind-Prefix.pch";
				INFOPLIST_FILE = "compxLostFindTests/compxLostFindTests-Info.plist";
				PRODUCT_NAME = "$(TARGET_NAME)";
				TEST_HOST = "$(BUNDLE_LOADER)";
				WRAPPER_EXTENSION = xctest;
			};
			name = Release;
		};
/* End XCBuildConfiguration section */

/* Begin XCConfigurationList section */
		0421014F19124059007D4402 /* Build configuration list for PBXProject "compxLostFind" */ = {
			isa = XCConfigurationList;
			buildConfigurations = (
				0421017E1912405A007D4402 /* Debug */,
				0421017F1912405A007D4402 /* Release */,
			);
			defaultConfigurationIsVisible = 0;
			defaultConfigurationName = Release;
		};
		042101801912405A007D4402 /* Build configuration list for PBXNativeTarget "compxLostFind" */ = {
			isa = XCConfigurationList;
			buildConfigurations = (
				042101811912405A007D4402 /* Debug */,
				042101821912405A007D4402 /* Release */,
			);
			defaultConfigurationIsVisible = 0;
		};
		042101831912405A007D4402 /* Build configuration list for PBXNativeTarget "compxLostFindTests" */ = {
			isa = XCConfigurationList;
			buildConfigurations = (
				042101841912405A007D4402 /* Debug */,
				042101851912405A007D4402 /* Release */,
			);
			defaultConfigurationIsVisible = 0;
		};
/* End XCConfigurationList section */
	};
	rootObject = 0421014C19124059007D4402 /* Project object */;
}
